<?xml version="1.0" encoding="utf-8"?>
<Project ToolsVersion="4.0" xmlns="http://schemas.microsoft.com/developer/msbuild/2003">
  <ItemGroup>
    <Filter Include="Source Files">
      <UniqueIdentifier>{4FC737F1-C7A5-4376-A066-2A32D752A2FF}</UniqueIdentifier>
      <Extensions>cpp;c;cc;cxx;def;odl;idl;hpj;bat;asm;asmx</Extensions>
    </Filter>
    <Filter Include="Header Files">
      <UniqueIdentifier>{93995380-89BD-4b04-88EB-625FBE52EBFB}</UniqueIdentifier>
      <Extensions>h;hh;hpp;hxx;hm;inl;inc;xsd</Extensions>
    </Filter>
    <Filter Include="Resource Files">
      <UniqueIdentifier>{67DA6AB6-F800-4c08-8B7A-83BB121AAD01}</UniqueIdentifier>
      <Extensions>rc;ico;cur;bmp;dlg;rc2;rct;bin;rgs;gif;jpg;jpeg;jpe;resx;tiff;tif;png;wav</Extensions>
    </Filter>
  </ItemGroup>
  <ItemGroup>
    <ClCompile Include="build\cmakefiles\3.26.0-rc1\compileridc\CMakeCCompilerId.c">
      <Filter>Source Files</Filter>
    </ClCompile>
    <ClCompile Include="build\cmakefiles\3.26.0-rc1\compileridcxx\CMakeCXXCompilerId.cpp">
      <Filter>Source Files</Filter>
    </ClCompile>
    <ClCompile Include="src\connected.cpp">
      <Filter>Source Files</Filter>
    </ClCompile>
    <ClCompile Include="src\cover_level.cpp">
      <Filter>Source Files</Filter>
    </ClCompile>
    <ClCompile Include="src\find_size.cpp">
      <Filter>Source Files</Filter>
    </ClCompile>
    <ClCompile Include="src\main.cpp">
      <Filter>Source Files</Filter>
    </ClCompile>
    <ClCompile Include="src\two_edge_cluster.cpp">
      <Filter>Source Files</Filter>
    </ClCompile>
    <ClCompile Include="src\two_edge_connected.cpp">
      <Filter>Source Files</Filter>
    </ClCompile>
    <ClCompile Include="src\lib\catch2\.conan\test_package\test_package.cpp">
      <Filter>Source Files</Filter>
    </ClCompile>
    <ClCompile Include="src\lib\catch2\examples\010-TestCase.cpp">
      <Filter>Source Files</Filter>
    </ClCompile>
    <ClCompile Include="src\lib\catch2\examples\020-TestCase-1.cpp">
      <Filter>Source Files</Filter>
    </ClCompile>
    <ClCompile Include="src\lib\catch2\examples\020-TestCase-2.cpp">
      <Filter>Source Files</Filter>
    </ClCompile>
    <ClCompile Include="src\lib\catch2\examples\030-Asn-Require-Check.cpp">
      <Filter>Source Files</Filter>
    </ClCompile>
    <ClCompile Include="src\lib\catch2\examples\100-Fix-Section.cpp">
      <Filter>Source Files</Filter>
    </ClCompile>
    <ClCompile Include="src\lib\catch2\examples\110-Fix-ClassFixture.cpp">
      <Filter>Source Files</Filter>
    </ClCompile>
    <ClCompile Include="src\lib\catch2\examples\120-Bdd-ScenarioGivenWhenThen.cpp">
      <Filter>Source Files</Filter>
    </ClCompile>
    <ClCompile Include="src\lib\catch2\examples\210-Evt-EventListeners.cpp">
      <Filter>Source Files</Filter>
    </ClCompile>
    <ClCompile Include="src\lib\catch2\examples\231-Cfg-OutputStreams.cpp">
      <Filter>Source Files</Filter>
    </ClCompile>
    <ClCompile Include="src\lib\catch2\examples\300-Gen-OwnGenerator.cpp">
      <Filter>Source Files</Filter>
    </ClCompile>
    <ClCompile Include="src\lib\catch2\examples\301-Gen-MapTypeConversion.cpp">
      <Filter>Source Files</Filter>
    </ClCompile>
    <ClCompile Include="src\lib\catch2\examples\302-Gen-Table.cpp">
      <Filter>Source Files</Filter>
    </ClCompile>
    <ClCompile Include="src\lib\catch2\examples\310-Gen-VariablesInGenerators.cpp">
      <Filter>Source Files</Filter>
    </ClCompile>
    <ClCompile Include="src\lib\catch2\examples\311-Gen-CustomCapture.cpp">
      <Filter>Source Files</Filter>
    </ClCompile>
    <ClCompile Include="src\lib\catch2\extras\catch_amalgamated.cpp">
      <Filter>Source Files</Filter>
    </ClCompile>
    <ClCompile Include="src\lib\catch2\fuzzing\fuzz_TestSpecParser.cpp">
      <Filter>Source Files</Filter>
    </ClCompile>
    <ClCompile Include="src\lib\catch2\fuzzing\fuzz_textflow.cpp">
      <Filter>Source Files</Filter>
    </ClCompile>
    <ClCompile Include="src\lib\catch2\fuzzing\fuzz_XmlWriter.cpp">
      <Filter>Source Files</Filter>
    </ClCompile>
    <ClCompile Include="src\lib\catch2\fuzzing\NullOStream.cpp">
      <Filter>Source Files</Filter>
    </ClCompile>
    <ClCompile Include="src\lib\catch2\src\catch2\catch_approx.cpp">
      <Filter>Source Files</Filter>
    </ClCompile>
    <ClCompile Include="src\lib\catch2\src\catch2\catch_assertion_result.cpp">
      <Filter>Source Files</Filter>
    </ClCompile>
    <ClCompile Include="src\lib\catch2\src\catch2\catch_config.cpp">
      <Filter>Source Files</Filter>
    </ClCompile>
    <ClCompile Include="src\lib\catch2\src\catch2\catch_get_random_seed.cpp">
      <Filter>Source Files</Filter>
    </ClCompile>
    <ClCompile Include="src\lib\catch2\src\catch2\catch_message.cpp">
      <Filter>Source Files</Filter>
    </ClCompile>
    <ClCompile Include="src\lib\catch2\src\catch2\catch_registry_hub.cpp">
      <Filter>Source Files</Filter>
    </ClCompile>
    <ClCompile Include="src\lib\catch2\src\catch2\catch_session.cpp">
      <Filter>Source Files</Filter>
    </ClCompile>
    <ClCompile Include="src\lib\catch2\src\catch2\catch_tag_alias_autoregistrar.cpp">
      <Filter>Source Files</Filter>
    </ClCompile>
    <ClCompile Include="src\lib\catch2\src\catch2\catch_test_case_info.cpp">
      <Filter>Source Files</Filter>
    </ClCompile>
    <ClCompile Include="src\lib\catch2\src\catch2\catch_test_spec.cpp">
      <Filter>Source Files</Filter>
    </ClCompile>
    <ClCompile Include="src\lib\catch2\src\catch2\catch_timer.cpp">
      <Filter>Source Files</Filter>
    </ClCompile>
    <ClCompile Include="src\lib\catch2\src\catch2\catch_tostring.cpp">
      <Filter>Source Files</Filter>
    </ClCompile>
    <ClCompile Include="src\lib\catch2\src\catch2\catch_totals.cpp">
      <Filter>Source Files</Filter>
    </ClCompile>
    <ClCompile Include="src\lib\catch2\src\catch2\catch_version.cpp">
      <Filter>Source Files</Filter>
    </ClCompile>
    <ClCompile Include="src\lib\catch2\src\catch2\benchmark\catch_chronometer.cpp">
      <Filter>Source Files</Filter>
    </ClCompile>
    <ClCompile Include="src\lib\catch2\src\catch2\benchmark\detail\catch_benchmark_function.cpp">
      <Filter>Source Files</Filter>
    </ClCompile>
    <ClCompile Include="src\lib\catch2\src\catch2\benchmark\detail\catch_run_for_at_least.cpp">
      <Filter>Source Files</Filter>
    </ClCompile>
    <ClCompile Include="src\lib\catch2\src\catch2\benchmark\detail\catch_stats.cpp">
      <Filter>Source Files</Filter>
    </ClCompile>
    <ClCompile Include="src\lib\catch2\src\catch2\generators\catch_generators.cpp">
      <Filter>Source Files</Filter>
    </ClCompile>
    <ClCompile Include="src\lib\catch2\src\catch2\generators\catch_generators_random.cpp">
      <Filter>Source Files</Filter>
    </ClCompile>
    <ClCompile Include="src\lib\catch2\src\catch2\generators\catch_generator_exception.cpp">
      <Filter>Source Files</Filter>
    </ClCompile>
    <ClCompile Include="src\lib\catch2\src\catch2\interfaces\catch_interfaces_capture.cpp">
      <Filter>Source Files</Filter>
    </ClCompile>
    <ClCompile Include="src\lib\catch2\src\catch2\interfaces\catch_interfaces_config.cpp">
      <Filter>Source Files</Filter>
    </ClCompile>
    <ClCompile Include="src\lib\catch2\src\catch2\interfaces\catch_interfaces_exception.cpp">
      <Filter>Source Files</Filter>
    </ClCompile>
    <ClCompile Include="src\lib\catch2\src\catch2\interfaces\catch_interfaces_generatortracker.cpp">
      <Filter>Source Files</Filter>
    </ClCompile>
    <ClCompile Include="src\lib\catch2\src\catch2\interfaces\catch_interfaces_registry_hub.cpp">
      <Filter>Source Files</Filter>
    </ClCompile>
    <ClCompile Include="src\lib\catch2\src\catch2\interfaces\catch_interfaces_reporter.cpp">
      <Filter>Source Files</Filter>
    </ClCompile>
    <ClCompile Include="src\lib\catch2\src\catch2\interfaces\catch_interfaces_reporter_factory.cpp">
      <Filter>Source Files</Filter>
    </ClCompile>
    <ClCompile Include="src\lib\catch2\src\catch2\interfaces\catch_interfaces_reporter_registry.cpp">
      <Filter>Source Files</Filter>
    </ClCompile>
    <ClCompile Include="src\lib\catch2\src\catch2\interfaces\catch_interfaces_testcase.cpp">
      <Filter>Source Files</Filter>
    </ClCompile>
    <ClCompile Include="src\lib\catch2\src\catch2\internal\catch_assertion_handler.cpp">
      <Filter>Source Files</Filter>
    </ClCompile>
    <ClCompile Include="src\lib\catch2\src\catch2\internal\catch_case_insensitive_comparisons.cpp">
      <Filter>Source Files</Filter>
    </ClCompile>
    <ClCompile Include="src\lib\catch2\src\catch2\internal\catch_clara.cpp">
      <Filter>Source Files</Filter>
    </ClCompile>
    <ClCompile Include="src\lib\catch2\src\catch2\internal\catch_commandline.cpp">
      <Filter>Source Files</Filter>
    </ClCompile>
    <ClCompile Include="src\lib\catch2\src\catch2\internal\catch_console_colour.cpp">
      <Filter>Source Files</Filter>
    </ClCompile>
    <ClCompile Include="src\lib\catch2\src\catch2\internal\catch_context.cpp">
      <Filter>Source Files</Filter>
    </ClCompile>
    <ClCompile Include="src\lib\catch2\src\catch2\internal\catch_debugger.cpp">
      <Filter>Source Files</Filter>
    </ClCompile>
    <ClCompile Include="src\lib\catch2\src\catch2\internal\catch_debug_console.cpp">
      <Filter>Source Files</Filter>
    </ClCompile>
    <ClCompile Include="src\lib\catch2\src\catch2\internal\catch_decomposer.cpp">
      <Filter>Source Files</Filter>
    </ClCompile>
    <ClCompile Include="src\lib\catch2\src\catch2\internal\catch_enforce.cpp">
      <Filter>Source Files</Filter>
    </ClCompile>
    <ClCompile Include="src\lib\catch2\src\catch2\internal\catch_enum_values_registry.cpp">
      <Filter>Source Files</Filter>
    </ClCompile>
    <ClCompile Include="src\lib\catch2\src\catch2\internal\catch_errno_guard.cpp">
      <Filter>Source Files</Filter>
    </ClCompile>
    <ClCompile Include="src\lib\catch2\src\catch2\internal\catch_exception_translator_registry.cpp">
      <Filter>Source Files</Filter>
    </ClCompile>
    <ClCompile Include="src\lib\catch2\src\catch2\internal\catch_fatal_condition_handler.cpp">
      <Filter>Source Files</Filter>
    </ClCompile>
    <ClCompile Include="src\lib\catch2\src\catch2\internal\catch_floating_point_helpers.cpp">
      <Filter>Source Files</Filter>
    </ClCompile>
    <ClCompile Include="src\lib\catch2\src\catch2\internal\catch_getenv.cpp">
      <Filter>Source Files</Filter>
    </ClCompile>
    <ClCompile Include="src\lib\catch2\src\catch2\internal\catch_istream.cpp">
      <Filter>Source Files</Filter>
    </ClCompile>
    <ClCompile Include="src\lib\catch2\src\catch2\internal\catch_lazy_expr.cpp">
      <Filter>Source Files</Filter>
    </ClCompile>
    <ClCompile Include="src\lib\catch2\src\catch2\internal\catch_leak_detector.cpp">
      <Filter>Source Files</Filter>
    </ClCompile>
    <ClCompile Include="src\lib\catch2\src\catch2\internal\catch_list.cpp">
      <Filter>Source Files</Filter>
    </ClCompile>
    <ClCompile Include="src\lib\catch2\src\catch2\internal\catch_main.cpp">
      <Filter>Source Files</Filter>
    </ClCompile>
    <ClCompile Include="src\lib\catch2\src\catch2\internal\catch_message_info.cpp">
      <Filter>Source Files</Filter>
    </ClCompile>
    <ClCompile Include="src\lib\catch2\src\catch2\internal\catch_output_redirect.cpp">
      <Filter>Source Files</Filter>
    </ClCompile>
    <ClCompile Include="src\lib\catch2\src\catch2\internal\catch_parse_numbers.cpp">
      <Filter>Source Files</Filter>
    </ClCompile>
    <ClCompile Include="src\lib\catch2\src\catch2\internal\catch_polyfills.cpp">
      <Filter>Source Files</Filter>
    </ClCompile>
    <ClCompile Include="src\lib\catch2\src\catch2\internal\catch_random_number_generator.cpp">
      <Filter>Source Files</Filter>
    </ClCompile>
    <ClCompile Include="src\lib\catch2\src\catch2\internal\catch_random_seed_generation.cpp">
      <Filter>Source Files</Filter>
    </ClCompile>
    <ClCompile Include="src\lib\catch2\src\catch2\internal\catch_reporter_registry.cpp">
      <Filter>Source Files</Filter>
    </ClCompile>
    <ClCompile Include="src\lib\catch2\src\catch2\internal\catch_reporter_spec_parser.cpp">
      <Filter>Source Files</Filter>
    </ClCompile>
    <ClCompile Include="src\lib\catch2\src\catch2\internal\catch_result_type.cpp">
      <Filter>Source Files</Filter>
    </ClCompile>
    <ClCompile Include="src\lib\catch2\src\catch2\internal\catch_reusable_string_stream.cpp">
      <Filter>Source Files</Filter>
    </ClCompile>
    <ClCompile Include="src\lib\catch2\src\catch2\internal\catch_run_context.cpp">
      <Filter>Source Files</Filter>
    </ClCompile>
    <ClCompile Include="src\lib\catch2\src\catch2\internal\catch_section.cpp">
      <Filter>Source Files</Filter>
    </ClCompile>
    <ClCompile Include="src\lib\catch2\src\catch2\internal\catch_singletons.cpp">
      <Filter>Source Files</Filter>
    </ClCompile>
    <ClCompile Include="src\lib\catch2\src\catch2\internal\catch_source_line_info.cpp">
      <Filter>Source Files</Filter>
    </ClCompile>
    <ClCompile Include="src\lib\catch2\src\catch2\internal\catch_startup_exception_registry.cpp">
      <Filter>Source Files</Filter>
    </ClCompile>
    <ClCompile Include="src\lib\catch2\src\catch2\internal\catch_stdstreams.cpp">
      <Filter>Source Files</Filter>
    </ClCompile>
    <ClCompile Include="src\lib\catch2\src\catch2\internal\catch_stringref.cpp">
      <Filter>Source Files</Filter>
    </ClCompile>
    <ClCompile Include="src\lib\catch2\src\catch2\internal\catch_string_manip.cpp">
      <Filter>Source Files</Filter>
    </ClCompile>
    <ClCompile Include="src\lib\catch2\src\catch2\internal\catch_tag_alias_registry.cpp">
      <Filter>Source Files</Filter>
    </ClCompile>
    <ClCompile Include="src\lib\catch2\src\catch2\internal\catch_test_case_info_hasher.cpp">
      <Filter>Source Files</Filter>
    </ClCompile>
    <ClCompile Include="src\lib\catch2\src\catch2\internal\catch_test_case_registry_impl.cpp">
      <Filter>Source Files</Filter>
    </ClCompile>
    <ClCompile Include="src\lib\catch2\src\catch2\internal\catch_test_case_tracker.cpp">
      <Filter>Source Files</Filter>
    </ClCompile>
    <ClCompile Include="src\lib\catch2\src\catch2\internal\catch_test_failure_exception.cpp">
      <Filter>Source Files</Filter>
    </ClCompile>
    <ClCompile Include="src\lib\catch2\src\catch2\internal\catch_test_registry.cpp">
      <Filter>Source Files</Filter>
    </ClCompile>
    <ClCompile Include="src\lib\catch2\src\catch2\internal\catch_test_spec_parser.cpp">
      <Filter>Source Files</Filter>
    </ClCompile>
    <ClCompile Include="src\lib\catch2\src\catch2\internal\catch_textflow.cpp">
      <Filter>Source Files</Filter>
    </ClCompile>
    <ClCompile Include="src\lib\catch2\src\catch2\internal\catch_uncaught_exceptions.cpp">
      <Filter>Source Files</Filter>
    </ClCompile>
    <ClCompile Include="src\lib\catch2\src\catch2\internal\catch_wildcard_pattern.cpp">
      <Filter>Source Files</Filter>
    </ClCompile>
    <ClCompile Include="src\lib\catch2\src\catch2\internal\catch_xmlwriter.cpp">
      <Filter>Source Files</Filter>
    </ClCompile>
    <ClCompile Include="src\lib\catch2\src\catch2\matchers\catch_matchers.cpp">
      <Filter>Source Files</Filter>
    </ClCompile>
    <ClCompile Include="src\lib\catch2\src\catch2\matchers\catch_matchers_container_properties.cpp">
      <Filter>Source Files</Filter>
    </ClCompile>
    <ClCompile Include="src\lib\catch2\src\catch2\matchers\catch_matchers_exception.cpp">
      <Filter>Source Files</Filter>
    </ClCompile>
    <ClCompile Include="src\lib\catch2\src\catch2\matchers\catch_matchers_floating_point.cpp">
      <Filter>Source Files</Filter>
    </ClCompile>
    <ClCompile Include="src\lib\catch2\src\catch2\matchers\catch_matchers_predicate.cpp">
      <Filter>Source Files</Filter>
    </ClCompile>
    <ClCompile Include="src\lib\catch2\src\catch2\matchers\catch_matchers_quantifiers.cpp">
      <Filter>Source Files</Filter>
    </ClCompile>
    <ClCompile Include="src\lib\catch2\src\catch2\matchers\catch_matchers_string.cpp">
      <Filter>Source Files</Filter>
    </ClCompile>
    <ClCompile Include="src\lib\catch2\src\catch2\matchers\catch_matchers_templated.cpp">
      <Filter>Source Files</Filter>
    </ClCompile>
    <ClCompile Include="src\lib\catch2\src\catch2\matchers\internal\catch_matchers_impl.cpp">
      <Filter>Source Files</Filter>
    </ClCompile>
    <ClCompile Include="src\lib\catch2\src\catch2\reporters\catch_reporter_automake.cpp">
      <Filter>Source Files</Filter>
    </ClCompile>
    <ClCompile Include="src\lib\catch2\src\catch2\reporters\catch_reporter_common_base.cpp">
      <Filter>Source Files</Filter>
    </ClCompile>
    <ClCompile Include="src\lib\catch2\src\catch2\reporters\catch_reporter_compact.cpp">
      <Filter>Source Files</Filter>
    </ClCompile>
    <ClCompile Include="src\lib\catch2\src\catch2\reporters\catch_reporter_console.cpp">
      <Filter>Source Files</Filter>
    </ClCompile>
    <ClCompile Include="src\lib\catch2\src\catch2\reporters\catch_reporter_cumulative_base.cpp">
      <Filter>Source Files</Filter>
    </ClCompile>
    <ClCompile Include="src\lib\catch2\src\catch2\reporters\catch_reporter_event_listener.cpp">
      <Filter>Source Files</Filter>
    </ClCompile>
    <ClCompile Include="src\lib\catch2\src\catch2\reporters\catch_reporter_helpers.cpp">
      <Filter>Source Files</Filter>
    </ClCompile>
    <ClCompile Include="src\lib\catch2\src\catch2\reporters\catch_reporter_junit.cpp">
      <Filter>Source Files</Filter>
    </ClCompile>
    <ClCompile Include="src\lib\catch2\src\catch2\reporters\catch_reporter_multi.cpp">
      <Filter>Source Files</Filter>
    </ClCompile>
    <ClCompile Include="src\lib\catch2\src\catch2\reporters\catch_reporter_registrars.cpp">
      <Filter>Source Files</Filter>
    </ClCompile>
    <ClCompile Include="src\lib\catch2\src\catch2\reporters\catch_reporter_sonarqube.cpp">
      <Filter>Source Files</Filter>
    </ClCompile>
    <ClCompile Include="src\lib\catch2\src\catch2\reporters\catch_reporter_streaming_base.cpp">
      <Filter>Source Files</Filter>
    </ClCompile>
    <ClCompile Include="src\lib\catch2\src\catch2\reporters\catch_reporter_tap.cpp">
      <Filter>Source Files</Filter>
    </ClCompile>
    <ClCompile Include="src\lib\catch2\src\catch2\reporters\catch_reporter_teamcity.cpp">
      <Filter>Source Files</Filter>
    </ClCompile>
    <ClCompile Include="src\lib\catch2\src\catch2\reporters\catch_reporter_xml.cpp">
      <Filter>Source Files</Filter>
    </ClCompile>
    <ClCompile Include="src\lib\catch2\tests\extratests\X01-PrefixedMacros.cpp">
      <Filter>Source Files</Filter>
    </ClCompile>
    <ClCompile Include="src\lib\catch2\tests\extratests\X02-DisabledMacros.cpp">
      <Filter>Source Files</Filter>
    </ClCompile>
    <ClCompile Include="src\lib\catch2\tests\extratests\X03-DisabledExceptions-DefaultHandler.cpp">
      <Filter>Source Files</Filter>
    </ClCompile>
    <ClCompile Include="src\lib\catch2\tests\extratests\X04-DisabledExceptions-CustomHandler.cpp">
      <Filter>Source Files</Filter>
    </ClCompile>
    <ClCompile Include="src\lib\catch2\tests\extratests\X05-DeferredStaticChecks.cpp">
      <Filter>Source Files</Filter>
    </ClCompile>
    <ClCompile Include="src\lib\catch2\tests\extratests\X10-FallbackStringifier.cpp">
      <Filter>Source Files</Filter>
    </ClCompile>
    <ClCompile Include="src\lib\catch2\tests\extratests\X11-DisableStringification.cpp">
      <Filter>Source Files</Filter>
    </ClCompile>
    <ClCompile Include="src\lib\catch2\tests\extratests\X12-CustomDebugBreakMacro.cpp">
      <Filter>Source Files</Filter>
    </ClCompile>
    <ClCompile Include="src\lib\catch2\tests\extratests\X21-PartialTestCaseEvents.cpp">
      <Filter>Source Files</Filter>
    </ClCompile>
    <ClCompile Include="src\lib\catch2\tests\extratests\X22-BenchmarksInCumulativeReporter.cpp">
      <Filter>Source Files</Filter>
    </ClCompile>
    <ClCompile Include="src\lib\catch2\tests\extratests\X23-CasingInReporterNames.cpp">
      <Filter>Source Files</Filter>
    </ClCompile>
    <ClCompile Include="src\lib\catch2\tests\extratests\X24-ListenerStdoutCaptureInMultireporter.cpp">
      <Filter>Source Files</Filter>
    </ClCompile>
    <ClCompile Include="src\lib\catch2\tests\extratests\X25-ListenerCanAskForCapturedStdout.cpp">
      <Filter>Source Files</Filter>
    </ClCompile>
    <ClCompile Include="src\lib\catch2\tests\extratests\X26-ReporterPreferencesForPassingAssertionsIsRespected.cpp">
      <Filter>Source Files</Filter>
    </ClCompile>
    <ClCompile Include="src\lib\catch2\tests\extratests\X27-CapturedStdoutInTestCaseEvents.cpp">
      <Filter>Source Files</Filter>
    </ClCompile>
    <ClCompile Include="src\lib\catch2\tests\extratests\X28-ListenersGetEventsBeforeReporters.cpp">
      <Filter>Source Files</Filter>
    </ClCompile>
    <ClCompile Include="src\lib\catch2\tests\extratests\X29-CustomArgumentsForReporters.cpp">
      <Filter>Source Files</Filter>
    </ClCompile>
    <ClCompile Include="src\lib\catch2\tests\extratests\X30-BazelReporter.cpp">
      <Filter>Source Files</Filter>
    </ClCompile>
    <ClCompile Include="src\lib\catch2\tests\extratests\X31-DuplicatedTestCases.cpp">
      <Filter>Source Files</Filter>
    </ClCompile>
    <ClCompile Include="src\lib\catch2\tests\extratests\X32-DuplicatedTestCasesDifferentTags.cpp">
      <Filter>Source Files</Filter>
    </ClCompile>
    <ClCompile Include="src\lib\catch2\tests\extratests\X33-DuplicatedTestCaseMethods.cpp">
      <Filter>Source Files</Filter>
    </ClCompile>
    <ClCompile Include="src\lib\catch2\tests\extratests\X34-DuplicatedTestCaseMethodsDifferentFixtures.cpp">
      <Filter>Source Files</Filter>
    </ClCompile>
    <ClCompile Include="src\lib\catch2\tests\extratests\X35-DuplicatedReporterNames.cpp">
      <Filter>Source Files</Filter>
    </ClCompile>
    <ClCompile Include="src\lib\catch2\tests\extratests\X90-WindowsHeaderInclusion.cpp">
      <Filter>Source Files</Filter>
    </ClCompile>
    <ClCompile Include="src\lib\catch2\tests\extratests\X91-AmalgamatedCatch.cpp">
      <Filter>Source Files</Filter>
    </ClCompile>
    <ClCompile Include="src\lib\catch2\tests\extratests\X92-NoTests.cpp">
      <Filter>Source Files</Filter>
    </ClCompile>
    <ClCompile Include="src\lib\catch2\tests\extratests\X93-AllSkipped.cpp">
      <Filter>Source Files</Filter>
    </ClCompile>
    <ClCompile Include="src\lib\catch2\tests\selftest\TestRegistrations.cpp">
      <Filter>Source Files</Filter>
    </ClCompile>
    <ClCompile Include="src\lib\catch2\tests\selftest\helpers\parse_test_spec.cpp">
      <Filter>Source Files</Filter>
    </ClCompile>
    <ClCompile Include="src\lib\catch2\tests\selftest\introspectivetests\Algorithms.tests.cpp">
      <Filter>Source Files</Filter>
    </ClCompile>
    <ClCompile Include="src\lib\catch2\tests\selftest\introspectivetests\Clara.tests.cpp">
      <Filter>Source Files</Filter>
    </ClCompile>
    <ClCompile Include="src\lib\catch2\tests\selftest\introspectivetests\CmdLine.tests.cpp">
      <Filter>Source Files</Filter>
    </ClCompile>
    <ClCompile Include="src\lib\catch2\tests\selftest\introspectivetests\CmdLineHelpers.tests.cpp">
      <Filter>Source Files</Filter>
    </ClCompile>
    <ClCompile Include="src\lib\catch2\tests\selftest\introspectivetests\ColourImpl.tests.cpp">
      <Filter>Source Files</Filter>
    </ClCompile>
    <ClCompile Include="src\lib\catch2\tests\selftest\introspectivetests\Details.tests.cpp">
      <Filter>Source Files</Filter>
    </ClCompile>
    <ClCompile Include="src\lib\catch2\tests\selftest\introspectivetests\FloatingPoint.tests.cpp">
      <Filter>Source Files</Filter>
    </ClCompile>
    <ClCompile Include="src\lib\catch2\tests\selftest\introspectivetests\GeneratorsImpl.tests.cpp">
      <Filter>Source Files</Filter>
    </ClCompile>
    <ClCompile Include="src\lib\catch2\tests\selftest\introspectivetests\InternalBenchmark.tests.cpp">
      <Filter>Source Files</Filter>
    </ClCompile>
    <ClCompile Include="src\lib\catch2\tests\selftest\introspectivetests\Parse.tests.cpp">
      <Filter>Source Files</Filter>
    </ClCompile>
    <ClCompile Include="src\lib\catch2\tests\selftest\introspectivetests\PartTracker.tests.cpp">
      <Filter>Source Files</Filter>
    </ClCompile>
    <ClCompile Include="src\lib\catch2\tests\selftest\introspectivetests\RandomNumberGeneration.tests.cpp">
      <Filter>Source Files</Filter>
    </ClCompile>
    <ClCompile Include="src\lib\catch2\tests\selftest\introspectivetests\Reporters.tests.cpp">
      <Filter>Source Files</Filter>
    </ClCompile>
    <ClCompile Include="src\lib\catch2\tests\selftest\introspectivetests\Sharding.tests.cpp">
      <Filter>Source Files</Filter>
    </ClCompile>
    <ClCompile Include="src\lib\catch2\tests\selftest\introspectivetests\Stream.tests.cpp">
      <Filter>Source Files</Filter>
    </ClCompile>
    <ClCompile Include="src\lib\catch2\tests\selftest\introspectivetests\String.tests.cpp">
      <Filter>Source Files</Filter>
    </ClCompile>
    <ClCompile Include="src\lib\catch2\tests\selftest\introspectivetests\StringManip.tests.cpp">
      <Filter>Source Files</Filter>
    </ClCompile>
    <ClCompile Include="src\lib\catch2\tests\selftest\introspectivetests\Tag.tests.cpp">
      <Filter>Source Files</Filter>
    </ClCompile>
    <ClCompile Include="src\lib\catch2\tests\selftest\introspectivetests\TestCaseInfoHasher.tests.cpp">
      <Filter>Source Files</Filter>
    </ClCompile>
    <ClCompile Include="src\lib\catch2\tests\selftest\introspectivetests\TestSpec.tests.cpp">
      <Filter>Source Files</Filter>
    </ClCompile>
    <ClCompile Include="src\lib\catch2\tests\selftest\introspectivetests\TestSpecParser.tests.cpp">
      <Filter>Source Files</Filter>
    </ClCompile>
    <ClCompile Include="src\lib\catch2\tests\selftest\introspectivetests\TextFlow.tests.cpp">
      <Filter>Source Files</Filter>
    </ClCompile>
    <ClCompile Include="src\lib\catch2\tests\selftest\introspectivetests\ToString.tests.cpp">
      <Filter>Source Files</Filter>
    </ClCompile>
    <ClCompile Include="src\lib\catch2\tests\selftest\introspectivetests\Traits.tests.cpp">
      <Filter>Source Files</Filter>
    </ClCompile>
    <ClCompile Include="src\lib\catch2\tests\selftest\introspectivetests\UniquePtr.tests.cpp">
      <Filter>Source Files</Filter>
    </ClCompile>
    <ClCompile Include="src\lib\catch2\tests\selftest\introspectivetests\Xml.tests.cpp">
      <Filter>Source Files</Filter>
    </ClCompile>
    <ClCompile Include="src\lib\catch2\tests\selftest\timingtests\Sleep.tests.cpp">
      <Filter>Source Files</Filter>
    </ClCompile>
    <ClCompile Include="src\lib\catch2\tests\selftest\usagetests\Approx.tests.cpp">
      <Filter>Source Files</Filter>
    </ClCompile>
    <ClCompile Include="src\lib\catch2\tests\selftest\usagetests\BDD.tests.cpp">
      <Filter>Source Files</Filter>
    </ClCompile>
    <ClCompile Include="src\lib\catch2\tests\selftest\usagetests\Benchmark.tests.cpp">
      <Filter>Source Files</Filter>
    </ClCompile>
    <ClCompile Include="src\lib\catch2\tests\selftest\usagetests\Class.tests.cpp">
      <Filter>Source Files</Filter>
    </ClCompile>
    <ClCompile Include="src\lib\catch2\tests\selftest\usagetests\Compilation.tests.cpp">
      <Filter>Source Files</Filter>
    </ClCompile>
    <ClCompile Include="src\lib\catch2\tests\selftest\usagetests\Condition.tests.cpp">
      <Filter>Source Files</Filter>
    </ClCompile>
    <ClCompile Include="src\lib\catch2\tests\selftest\usagetests\Decomposition.tests.cpp">
      <Filter>Source Files</Filter>
    </ClCompile>
    <ClCompile Include="src\lib\catch2\tests\selftest\usagetests\EnumToString.tests.cpp">
      <Filter>Source Files</Filter>
    </ClCompile>
    <ClCompile Include="src\lib\catch2\tests\selftest\usagetests\Exception.tests.cpp">
      <Filter>Source Files</Filter>
    </ClCompile>
    <ClCompile Include="src\lib\catch2\tests\selftest\usagetests\Generators.tests.cpp">
      <Filter>Source Files</Filter>
    </ClCompile>
    <ClCompile Include="src\lib\catch2\tests\selftest\usagetests\Matchers.tests.cpp">
      <Filter>Source Files</Filter>
    </ClCompile>
    <ClCompile Include="src\lib\catch2\tests\selftest\usagetests\MatchersRanges.tests.cpp">
      <Filter>Source Files</Filter>
    </ClCompile>
    <ClCompile Include="src\lib\catch2\tests\selftest\usagetests\Message.tests.cpp">
      <Filter>Source Files</Filter>
    </ClCompile>
    <ClCompile Include="src\lib\catch2\tests\selftest\usagetests\Misc.tests.cpp">
      <Filter>Source Files</Filter>
    </ClCompile>
    <ClCompile Include="src\lib\catch2\tests\selftest\usagetests\Skip.tests.cpp">
      <Filter>Source Files</Filter>
    </ClCompile>
    <ClCompile Include="src\lib\catch2\tests\selftest\usagetests\ToStringByte.tests.cpp">
      <Filter>Source Files</Filter>
    </ClCompile>
    <ClCompile Include="src\lib\catch2\tests\selftest\usagetests\ToStringChrono.tests.cpp">
      <Filter>Source Files</Filter>
    </ClCompile>
    <ClCompile Include="src\lib\catch2\tests\selftest\usagetests\ToStringGeneral.tests.cpp">
      <Filter>Source Files</Filter>
    </ClCompile>
    <ClCompile Include="src\lib\catch2\tests\selftest\usagetests\ToStringOptional.tests.cpp">
      <Filter>Source Files</Filter>
    </ClCompile>
    <ClCompile Include="src\lib\catch2\tests\selftest\usagetests\ToStringPair.tests.cpp">
      <Filter>Source Files</Filter>
    </ClCompile>
    <ClCompile Include="src\lib\catch2\tests\selftest\usagetests\ToStringTuple.tests.cpp">
      <Filter>Source Files</Filter>
    </ClCompile>
    <ClCompile Include="src\lib\catch2\tests\selftest\usagetests\ToStringVariant.tests.cpp">
      <Filter>Source Files</Filter>
    </ClCompile>
    <ClCompile Include="src\lib\catch2\tests\selftest\usagetests\ToStringVector.tests.cpp">
      <Filter>Source Files</Filter>
    </ClCompile>
    <ClCompile Include="src\lib\catch2\tests\selftest\usagetests\ToStringWhich.tests.cpp">
      <Filter>Source Files</Filter>
    </ClCompile>
    <ClCompile Include="src\lib\catch2\tests\selftest\usagetests\Tricky.tests.cpp">
      <Filter>Source Files</Filter>
    </ClCompile>
    <ClCompile Include="src\lib\catch2\tests\selftest\usagetests\VariadicMacros.tests.cpp">
      <Filter>Source Files</Filter>
    </ClCompile>
    <ClCompile Include="src\lib\catch2\tools\misc\coverage-helper.cpp">
      <Filter>Source Files</Filter>
    </ClCompile>
    <ClCompile Include="test\2_edge_tests\connected_test.cpp">
      <Filter>Source Files</Filter>
    </ClCompile>
    <ClCompile Include="test\2_edge_tests\cover_level_test.cpp">
      <Filter>Source Files</Filter>
    </ClCompile>
    <ClCompile Include="test\2_edge_tests\find_size_test.cpp">
      <Filter>Source Files</Filter>
    </ClCompile>
    <ClCompile Include="test\toptree_tests\add_common_weight_test.cpp">
      <Filter>Source Files</Filter>
    </ClCompile>
    <ClCompile Include="test\toptree_tests\diameter_test.cpp">
      <Filter>Source Files</Filter>
    </ClCompile>
    <ClCompile Include="test\toptree_tests\max_weight_in_component_test.cpp">
      <Filter>Source Files</Filter>
    </ClCompile>
    <ClCompile Include="test\toptree_tests\max_weight_on_path_test.cpp">
      <Filter>Source Files</Filter>
    </ClCompile>
    <ClCompile Include="test\tree_tests\tree_test.cpp">
      <Filter>Source Files</Filter>
    </ClCompile>
  </ItemGroup>
  <ItemGroup>
    <ClInclude Include="build\src\lib\catch2\generated-includes\catch2\catch_user_config.hpp">
      <Filter>Header Files</Filter>
    </ClInclude>
    <ClInclude Include="include\connected.h">
      <Filter>Header Files</Filter>
    </ClInclude>
    <ClInclude Include="include\two_edge_cluster.h">
      <Filter>Header Files</Filter>
    </ClInclude>
    <ClInclude Include="include\two_edge_connected.h">
      <Filter>Header Files</Filter>
    </ClInclude>
    <ClInclude Include="include\add_weight_cluster.hpp">
      <Filter>Header Files</Filter>
    </ClInclude>
    <ClInclude Include="include\top_tree\top_tree.h">
      <Filter>Header Files</Filter>
    </ClInclude>
    <ClInclude Include="include\top_tree\underlying_tree.h">
      <Filter>Header Files</Filter>
    </ClInclude>
    <ClInclude Include="include\top_tree\internal_node.hpp">
      <Filter>Header Files</Filter>
    </ClInclude>
    <ClInclude Include="include\top_tree\leaf_node.hpp">
      <Filter>Header Files</Filter>
    </ClInclude>
    <ClInclude Include="include\top_tree\node.hpp">
      <Filter>Header Files</Filter>
    </ClInclude>
    <ClInclude Include="include\top_tree\top_tree.hpp">
      <Filter>Header Files</Filter>
    </ClInclude>
    <ClInclude Include="include\top_tree\tree.hpp">
      <Filter>Header Files</Filter>
    </ClInclude>
    <ClInclude Include="include\top_tree\underlying_tree.hpp">
      <Filter>Header Files</Filter>
    </ClInclude>
    <ClInclude Include="src\lib\catch2\extras\catch_amalgamated.hpp">
      <Filter>Header Files</Filter>
    </ClInclude>
    <ClInclude Include="src\lib\catch2\fuzzing\NullOStream.h">
      <Filter>Header Files</Filter>
    </ClInclude>
    <ClInclude Include="src\lib\catch2\generated-includes\catch2\catch_user_config.hpp">
      <Filter>Header Files</Filter>
    </ClInclude>
    <ClInclude Include="src\lib\catch2\src\catch2\catch_all.hpp">
      <Filter>Header Files</Filter>
    </ClInclude>
    <ClInclude Include="src\lib\catch2\src\catch2\catch_approx.hpp">
      <Filter>Header Files</Filter>
    </ClInclude>
    <ClInclude Include="src\lib\catch2\src\catch2\catch_assertion_info.hpp">
      <Filter>Header Files</Filter>
    </ClInclude>
    <ClInclude Include="src\lib\catch2\src\catch2\catch_assertion_result.hpp">
      <Filter>Header Files</Filter>
    </ClInclude>
    <ClInclude Include="src\lib\catch2\src\catch2\catch_config.hpp">
      <Filter>Header Files</Filter>
    </ClInclude>
    <ClInclude Include="src\lib\catch2\src\catch2\catch_get_random_seed.hpp">
      <Filter>Header Files</Filter>
    </ClInclude>
    <ClInclude Include="src\lib\catch2\src\catch2\catch_message.hpp">
      <Filter>Header Files</Filter>
    </ClInclude>
    <ClInclude Include="src\lib\catch2\src\catch2\catch_section_info.hpp">
      <Filter>Header Files</Filter>
    </ClInclude>
    <ClInclude Include="src\lib\catch2\src\catch2\catch_session.hpp">
      <Filter>Header Files</Filter>
    </ClInclude>
    <ClInclude Include="src\lib\catch2\src\catch2\catch_tag_alias.hpp">
      <Filter>Header Files</Filter>
    </ClInclude>
    <ClInclude Include="src\lib\catch2\src\catch2\catch_tag_alias_autoregistrar.hpp">
      <Filter>Header Files</Filter>
    </ClInclude>
    <ClInclude Include="src\lib\catch2\src\catch2\catch_template_test_macros.hpp">
      <Filter>Header Files</Filter>
    </ClInclude>
    <ClInclude Include="src\lib\catch2\src\catch2\catch_test_case_info.hpp">
      <Filter>Header Files</Filter>
    </ClInclude>
    <ClInclude Include="src\lib\catch2\src\catch2\catch_test_macros.hpp">
      <Filter>Header Files</Filter>
    </ClInclude>
    <ClInclude Include="src\lib\catch2\src\catch2\catch_test_spec.hpp">
      <Filter>Header Files</Filter>
    </ClInclude>
    <ClInclude Include="src\lib\catch2\src\catch2\catch_timer.hpp">
      <Filter>Header Files</Filter>
    </ClInclude>
    <ClInclude Include="src\lib\catch2\src\catch2\catch_tostring.hpp">
      <Filter>Header Files</Filter>
    </ClInclude>
    <ClInclude Include="src\lib\catch2\src\catch2\catch_totals.hpp">
      <Filter>Header Files</Filter>
    </ClInclude>
    <ClInclude Include="src\lib\catch2\src\catch2\catch_translate_exception.hpp">
      <Filter>Header Files</Filter>
    </ClInclude>
    <ClInclude Include="src\lib\catch2\src\catch2\catch_version.hpp">
      <Filter>Header Files</Filter>
    </ClInclude>
    <ClInclude Include="src\lib\catch2\src\catch2\catch_version_macros.hpp">
      <Filter>Header Files</Filter>
    </ClInclude>
    <ClInclude Include="src\lib\catch2\src\catch2\benchmark\catch_benchmark.hpp">
      <Filter>Header Files</Filter>
    </ClInclude>
    <ClInclude Include="src\lib\catch2\src\catch2\benchmark\catch_benchmark_all.hpp">
      <Filter>Header Files</Filter>
    </ClInclude>
    <ClInclude Include="src\lib\catch2\src\catch2\benchmark\catch_chronometer.hpp">
      <Filter>Header Files</Filter>
    </ClInclude>
    <ClInclude Include="src\lib\catch2\src\catch2\benchmark\catch_clock.hpp">
      <Filter>Header Files</Filter>
    </ClInclude>
    <ClInclude Include="src\lib\catch2\src\catch2\benchmark\catch_constructor.hpp">
      <Filter>Header Files</Filter>
    </ClInclude>
    <ClInclude Include="src\lib\catch2\src\catch2\benchmark\catch_environment.hpp">
      <Filter>Header Files</Filter>
    </ClInclude>
    <ClInclude Include="src\lib\catch2\src\catch2\benchmark\catch_estimate.hpp">
      <Filter>Header Files</Filter>
    </ClInclude>
    <ClInclude Include="src\lib\catch2\src\catch2\benchmark\catch_execution_plan.hpp">
      <Filter>Header Files</Filter>
    </ClInclude>
    <ClInclude Include="src\lib\catch2\src\catch2\benchmark\catch_optimizer.hpp">
      <Filter>Header Files</Filter>
    </ClInclude>
    <ClInclude Include="src\lib\catch2\src\catch2\benchmark\catch_outlier_classification.hpp">
      <Filter>Header Files</Filter>
    </ClInclude>
    <ClInclude Include="src\lib\catch2\src\catch2\benchmark\catch_sample_analysis.hpp">
      <Filter>Header Files</Filter>
    </ClInclude>
    <ClInclude Include="src\lib\catch2\src\catch2\benchmark\detail\catch_analyse.hpp">
      <Filter>Header Files</Filter>
    </ClInclude>
    <ClInclude Include="src\lib\catch2\src\catch2\benchmark\detail\catch_benchmark_function.hpp">
      <Filter>Header Files</Filter>
    </ClInclude>
    <ClInclude Include="src\lib\catch2\src\catch2\benchmark\detail\catch_complete_invoke.hpp">
      <Filter>Header Files</Filter>
    </ClInclude>
    <ClInclude Include="src\lib\catch2\src\catch2\benchmark\detail\catch_estimate_clock.hpp">
      <Filter>Header Files</Filter>
    </ClInclude>
    <ClInclude Include="src\lib\catch2\src\catch2\benchmark\detail\catch_measure.hpp">
      <Filter>Header Files</Filter>
    </ClInclude>
    <ClInclude Include="src\lib\catch2\src\catch2\benchmark\detail\catch_repeat.hpp">
      <Filter>Header Files</Filter>
    </ClInclude>
    <ClInclude Include="src\lib\catch2\src\catch2\benchmark\detail\catch_run_for_at_least.hpp">
      <Filter>Header Files</Filter>
    </ClInclude>
    <ClInclude Include="src\lib\catch2\src\catch2\benchmark\detail\catch_stats.hpp">
      <Filter>Header Files</Filter>
    </ClInclude>
    <ClInclude Include="src\lib\catch2\src\catch2\benchmark\detail\catch_timing.hpp">
      <Filter>Header Files</Filter>
    </ClInclude>
    <ClInclude Include="src\lib\catch2\src\catch2\generators\catch_generators.hpp">
      <Filter>Header Files</Filter>
    </ClInclude>
    <ClInclude Include="src\lib\catch2\src\catch2\generators\catch_generators_adapters.hpp">
      <Filter>Header Files</Filter>
    </ClInclude>
    <ClInclude Include="src\lib\catch2\src\catch2\generators\catch_generators_all.hpp">
      <Filter>Header Files</Filter>
    </ClInclude>
    <ClInclude Include="src\lib\catch2\src\catch2\generators\catch_generators_random.hpp">
      <Filter>Header Files</Filter>
    </ClInclude>
    <ClInclude Include="src\lib\catch2\src\catch2\generators\catch_generators_range.hpp">
      <Filter>Header Files</Filter>
    </ClInclude>
    <ClInclude Include="src\lib\catch2\src\catch2\generators\catch_generator_exception.hpp">
      <Filter>Header Files</Filter>
    </ClInclude>
    <ClInclude Include="src\lib\catch2\src\catch2\interfaces\catch_interfaces_all.hpp">
      <Filter>Header Files</Filter>
    </ClInclude>
    <ClInclude Include="src\lib\catch2\src\catch2\interfaces\catch_interfaces_capture.hpp">
      <Filter>Header Files</Filter>
    </ClInclude>
    <ClInclude Include="src\lib\catch2\src\catch2\interfaces\catch_interfaces_config.hpp">
      <Filter>Header Files</Filter>
    </ClInclude>
    <ClInclude Include="src\lib\catch2\src\catch2\interfaces\catch_interfaces_enum_values_registry.hpp">
      <Filter>Header Files</Filter>
    </ClInclude>
    <ClInclude Include="src\lib\catch2\src\catch2\interfaces\catch_interfaces_exception.hpp">
      <Filter>Header Files</Filter>
    </ClInclude>
    <ClInclude Include="src\lib\catch2\src\catch2\interfaces\catch_interfaces_generatortracker.hpp">
      <Filter>Header Files</Filter>
    </ClInclude>
    <ClInclude Include="src\lib\catch2\src\catch2\interfaces\catch_interfaces_registry_hub.hpp">
      <Filter>Header Files</Filter>
    </ClInclude>
    <ClInclude Include="src\lib\catch2\src\catch2\interfaces\catch_interfaces_reporter.hpp">
      <Filter>Header Files</Filter>
    </ClInclude>
    <ClInclude Include="src\lib\catch2\src\catch2\interfaces\catch_interfaces_reporter_factory.hpp">
      <Filter>Header Files</Filter>
    </ClInclude>
    <ClInclude Include="src\lib\catch2\src\catch2\interfaces\catch_interfaces_reporter_registry.hpp">
      <Filter>Header Files</Filter>
    </ClInclude>
    <ClInclude Include="src\lib\catch2\src\catch2\interfaces\catch_interfaces_tag_alias_registry.hpp">
      <Filter>Header Files</Filter>
    </ClInclude>
    <ClInclude Include="src\lib\catch2\src\catch2\interfaces\catch_interfaces_testcase.hpp">
      <Filter>Header Files</Filter>
    </ClInclude>
    <ClInclude Include="src\lib\catch2\src\catch2\internal\catch_assertion_handler.hpp">
      <Filter>Header Files</Filter>
    </ClInclude>
    <ClInclude Include="src\lib\catch2\src\catch2\internal\catch_case_insensitive_comparisons.hpp">
      <Filter>Header Files</Filter>
    </ClInclude>
    <ClInclude Include="src\lib\catch2\src\catch2\internal\catch_case_sensitive.hpp">
      <Filter>Header Files</Filter>
    </ClInclude>
    <ClInclude Include="src\lib\catch2\src\catch2\internal\catch_clara.hpp">
      <Filter>Header Files</Filter>
    </ClInclude>
    <ClInclude Include="src\lib\catch2\src\catch2\internal\catch_commandline.hpp">
      <Filter>Header Files</Filter>
    </ClInclude>
    <ClInclude Include="src\lib\catch2\src\catch2\internal\catch_compare_traits.hpp">
      <Filter>Header Files</Filter>
    </ClInclude>
    <ClInclude Include="src\lib\catch2\src\catch2\internal\catch_compiler_capabilities.hpp">
      <Filter>Header Files</Filter>
    </ClInclude>
    <ClInclude Include="src\lib\catch2\src\catch2\internal\catch_config_android_logwrite.hpp">
      <Filter>Header Files</Filter>
    </ClInclude>
    <ClInclude Include="src\lib\catch2\src\catch2\internal\catch_config_counter.hpp">
      <Filter>Header Files</Filter>
    </ClInclude>
    <ClInclude Include="src\lib\catch2\src\catch2\internal\catch_config_uncaught_exceptions.hpp">
      <Filter>Header Files</Filter>
    </ClInclude>
    <ClInclude Include="src\lib\catch2\src\catch2\internal\catch_config_wchar.hpp">
      <Filter>Header Files</Filter>
    </ClInclude>
    <ClInclude Include="src\lib\catch2\src\catch2\internal\catch_console_colour.hpp">
      <Filter>Header Files</Filter>
    </ClInclude>
    <ClInclude Include="src\lib\catch2\src\catch2\internal\catch_console_width.hpp">
      <Filter>Header Files</Filter>
    </ClInclude>
    <ClInclude Include="src\lib\catch2\src\catch2\internal\catch_container_nonmembers.hpp">
      <Filter>Header Files</Filter>
    </ClInclude>
    <ClInclude Include="src\lib\catch2\src\catch2\internal\catch_context.hpp">
      <Filter>Header Files</Filter>
    </ClInclude>
    <ClInclude Include="src\lib\catch2\src\catch2\internal\catch_debugger.hpp">
      <Filter>Header Files</Filter>
    </ClInclude>
    <ClInclude Include="src\lib\catch2\src\catch2\internal\catch_debug_console.hpp">
      <Filter>Header Files</Filter>
    </ClInclude>
    <ClInclude Include="src\lib\catch2\src\catch2\internal\catch_decomposer.hpp">
      <Filter>Header Files</Filter>
    </ClInclude>
    <ClInclude Include="src\lib\catch2\src\catch2\internal\catch_enforce.hpp">
      <Filter>Header Files</Filter>
    </ClInclude>
    <ClInclude Include="src\lib\catch2\src\catch2\internal\catch_enum_values_registry.hpp">
      <Filter>Header Files</Filter>
    </ClInclude>
    <ClInclude Include="src\lib\catch2\src\catch2\internal\catch_errno_guard.hpp">
      <Filter>Header Files</Filter>
    </ClInclude>
    <ClInclude Include="src\lib\catch2\src\catch2\internal\catch_exception_translator_registry.hpp">
      <Filter>Header Files</Filter>
    </ClInclude>
    <ClInclude Include="src\lib\catch2\src\catch2\internal\catch_fatal_condition_handler.hpp">
      <Filter>Header Files</Filter>
    </ClInclude>
    <ClInclude Include="src\lib\catch2\src\catch2\internal\catch_floating_point_helpers.hpp">
      <Filter>Header Files</Filter>
    </ClInclude>
    <ClInclude Include="src\lib\catch2\src\catch2\internal\catch_getenv.hpp">
      <Filter>Header Files</Filter>
    </ClInclude>
    <ClInclude Include="src\lib\catch2\src\catch2\internal\catch_istream.hpp">
      <Filter>Header Files</Filter>
    </ClInclude>
    <ClInclude Include="src\lib\catch2\src\catch2\internal\catch_is_permutation.hpp">
      <Filter>Header Files</Filter>
    </ClInclude>
    <ClInclude Include="src\lib\catch2\src\catch2\internal\catch_lazy_expr.hpp">
      <Filter>Header Files</Filter>
    </ClInclude>
    <ClInclude Include="src\lib\catch2\src\catch2\internal\catch_leak_detector.hpp">
      <Filter>Header Files</Filter>
    </ClInclude>
    <ClInclude Include="src\lib\catch2\src\catch2\internal\catch_list.hpp">
      <Filter>Header Files</Filter>
    </ClInclude>
    <ClInclude Include="src\lib\catch2\src\catch2\internal\catch_logical_traits.hpp">
      <Filter>Header Files</Filter>
    </ClInclude>
    <ClInclude Include="src\lib\catch2\src\catch2\internal\catch_message_info.hpp">
      <Filter>Header Files</Filter>
    </ClInclude>
    <ClInclude Include="src\lib\catch2\src\catch2\internal\catch_meta.hpp">
      <Filter>Header Files</Filter>
    </ClInclude>
    <ClInclude Include="src\lib\catch2\src\catch2\internal\catch_move_and_forward.hpp">
      <Filter>Header Files</Filter>
    </ClInclude>
    <ClInclude Include="src\lib\catch2\src\catch2\internal\catch_noncopyable.hpp">
      <Filter>Header Files</Filter>
    </ClInclude>
    <ClInclude Include="src\lib\catch2\src\catch2\internal\catch_optional.hpp">
      <Filter>Header Files</Filter>
    </ClInclude>
    <ClInclude Include="src\lib\catch2\src\catch2\internal\catch_output_redirect.hpp">
      <Filter>Header Files</Filter>
    </ClInclude>
    <ClInclude Include="src\lib\catch2\src\catch2\internal\catch_parse_numbers.hpp">
      <Filter>Header Files</Filter>
    </ClInclude>
    <ClInclude Include="src\lib\catch2\src\catch2\internal\catch_platform.hpp">
      <Filter>Header Files</Filter>
    </ClInclude>
    <ClInclude Include="src\lib\catch2\src\catch2\internal\catch_polyfills.hpp">
      <Filter>Header Files</Filter>
    </ClInclude>
    <ClInclude Include="src\lib\catch2\src\catch2\internal\catch_preprocessor.hpp">
      <Filter>Header Files</Filter>
    </ClInclude>
    <ClInclude Include="src\lib\catch2\src\catch2\internal\catch_preprocessor_remove_parens.hpp">
      <Filter>Header Files</Filter>
    </ClInclude>
    <ClInclude Include="src\lib\catch2\src\catch2\internal\catch_random_number_generator.hpp">
      <Filter>Header Files</Filter>
    </ClInclude>
    <ClInclude Include="src\lib\catch2\src\catch2\internal\catch_random_seed_generation.hpp">
      <Filter>Header Files</Filter>
    </ClInclude>
    <ClInclude Include="src\lib\catch2\src\catch2\internal\catch_reporter_registry.hpp">
      <Filter>Header Files</Filter>
    </ClInclude>
    <ClInclude Include="src\lib\catch2\src\catch2\internal\catch_reporter_spec_parser.hpp">
      <Filter>Header Files</Filter>
    </ClInclude>
    <ClInclude Include="src\lib\catch2\src\catch2\internal\catch_result_type.hpp">
      <Filter>Header Files</Filter>
    </ClInclude>
    <ClInclude Include="src\lib\catch2\src\catch2\internal\catch_reusable_string_stream.hpp">
      <Filter>Header Files</Filter>
    </ClInclude>
    <ClInclude Include="src\lib\catch2\src\catch2\internal\catch_run_context.hpp">
      <Filter>Header Files</Filter>
    </ClInclude>
    <ClInclude Include="src\lib\catch2\src\catch2\internal\catch_section.hpp">
      <Filter>Header Files</Filter>
    </ClInclude>
    <ClInclude Include="src\lib\catch2\src\catch2\internal\catch_sharding.hpp">
      <Filter>Header Files</Filter>
    </ClInclude>
    <ClInclude Include="src\lib\catch2\src\catch2\internal\catch_singletons.hpp">
      <Filter>Header Files</Filter>
    </ClInclude>
    <ClInclude Include="src\lib\catch2\src\catch2\internal\catch_source_line_info.hpp">
      <Filter>Header Files</Filter>
    </ClInclude>
    <ClInclude Include="src\lib\catch2\src\catch2\internal\catch_startup_exception_registry.hpp">
      <Filter>Header Files</Filter>
    </ClInclude>
    <ClInclude Include="src\lib\catch2\src\catch2\internal\catch_stdstreams.hpp">
      <Filter>Header Files</Filter>
    </ClInclude>
    <ClInclude Include="src\lib\catch2\src\catch2\internal\catch_stream_end_stop.hpp">
      <Filter>Header Files</Filter>
    </ClInclude>
    <ClInclude Include="src\lib\catch2\src\catch2\internal\catch_stringref.hpp">
      <Filter>Header Files</Filter>
    </ClInclude>
    <ClInclude Include="src\lib\catch2\src\catch2\internal\catch_string_manip.hpp">
      <Filter>Header Files</Filter>
    </ClInclude>
    <ClInclude Include="src\lib\catch2\src\catch2\internal\catch_tag_alias_registry.hpp">
      <Filter>Header Files</Filter>
    </ClInclude>
    <ClInclude Include="src\lib\catch2\src\catch2\internal\catch_template_test_registry.hpp">
      <Filter>Header Files</Filter>
    </ClInclude>
    <ClInclude Include="src\lib\catch2\src\catch2\internal\catch_test_case_info_hasher.hpp">
      <Filter>Header Files</Filter>
    </ClInclude>
    <ClInclude Include="src\lib\catch2\src\catch2\internal\catch_test_case_registry_impl.hpp">
      <Filter>Header Files</Filter>
    </ClInclude>
    <ClInclude Include="src\lib\catch2\src\catch2\internal\catch_test_case_tracker.hpp">
      <Filter>Header Files</Filter>
    </ClInclude>
    <ClInclude Include="src\lib\catch2\src\catch2\internal\catch_test_failure_exception.hpp">
      <Filter>Header Files</Filter>
    </ClInclude>
    <ClInclude Include="src\lib\catch2\src\catch2\internal\catch_test_macro_impl.hpp">
      <Filter>Header Files</Filter>
    </ClInclude>
    <ClInclude Include="src\lib\catch2\src\catch2\internal\catch_test_registry.hpp">
      <Filter>Header Files</Filter>
    </ClInclude>
    <ClInclude Include="src\lib\catch2\src\catch2\internal\catch_test_spec_parser.hpp">
      <Filter>Header Files</Filter>
    </ClInclude>
    <ClInclude Include="src\lib\catch2\src\catch2\internal\catch_textflow.hpp">
      <Filter>Header Files</Filter>
    </ClInclude>
    <ClInclude Include="src\lib\catch2\src\catch2\internal\catch_to_string.hpp">
      <Filter>Header Files</Filter>
    </ClInclude>
    <ClInclude Include="src\lib\catch2\src\catch2\internal\catch_uncaught_exceptions.hpp">
      <Filter>Header Files</Filter>
    </ClInclude>
    <ClInclude Include="src\lib\catch2\src\catch2\internal\catch_unique_name.hpp">
      <Filter>Header Files</Filter>
    </ClInclude>
    <ClInclude Include="src\lib\catch2\src\catch2\internal\catch_unique_ptr.hpp">
      <Filter>Header Files</Filter>
    </ClInclude>
    <ClInclude Include="src\lib\catch2\src\catch2\internal\catch_void_type.hpp">
      <Filter>Header Files</Filter>
    </ClInclude>
    <ClInclude Include="src\lib\catch2\src\catch2\internal\catch_wildcard_pattern.hpp">
      <Filter>Header Files</Filter>
    </ClInclude>
    <ClInclude Include="src\lib\catch2\src\catch2\internal\catch_windows_h_proxy.hpp">
      <Filter>Header Files</Filter>
    </ClInclude>
    <ClInclude Include="src\lib\catch2\src\catch2\internal\catch_xmlwriter.hpp">
      <Filter>Header Files</Filter>
    </ClInclude>
    <ClInclude Include="src\lib\catch2\src\catch2\matchers\catch_matchers.hpp">
      <Filter>Header Files</Filter>
    </ClInclude>
    <ClInclude Include="src\lib\catch2\src\catch2\matchers\catch_matchers_all.hpp">
      <Filter>Header Files</Filter>
    </ClInclude>
    <ClInclude Include="src\lib\catch2\src\catch2\matchers\catch_matchers_container_properties.hpp">
      <Filter>Header Files</Filter>
    </ClInclude>
    <ClInclude Include="src\lib\catch2\src\catch2\matchers\catch_matchers_contains.hpp">
      <Filter>Header Files</Filter>
    </ClInclude>
    <ClInclude Include="src\lib\catch2\src\catch2\matchers\catch_matchers_exception.hpp">
      <Filter>Header Files</Filter>
    </ClInclude>
    <ClInclude Include="src\lib\catch2\src\catch2\matchers\catch_matchers_floating_point.hpp">
      <Filter>Header Files</Filter>
    </ClInclude>
    <ClInclude Include="src\lib\catch2\src\catch2\matchers\catch_matchers_predicate.hpp">
      <Filter>Header Files</Filter>
    </ClInclude>
    <ClInclude Include="src\lib\catch2\src\catch2\matchers\catch_matchers_quantifiers.hpp">
      <Filter>Header Files</Filter>
    </ClInclude>
    <ClInclude Include="src\lib\catch2\src\catch2\matchers\catch_matchers_range_equals.hpp">
      <Filter>Header Files</Filter>
    </ClInclude>
    <ClInclude Include="src\lib\catch2\src\catch2\matchers\catch_matchers_string.hpp">
      <Filter>Header Files</Filter>
    </ClInclude>
    <ClInclude Include="src\lib\catch2\src\catch2\matchers\catch_matchers_templated.hpp">
      <Filter>Header Files</Filter>
    </ClInclude>
    <ClInclude Include="src\lib\catch2\src\catch2\matchers\catch_matchers_vector.hpp">
      <Filter>Header Files</Filter>
    </ClInclude>
    <ClInclude Include="src\lib\catch2\src\catch2\matchers\internal\catch_matchers_impl.hpp">
      <Filter>Header Files</Filter>
    </ClInclude>
    <ClInclude Include="src\lib\catch2\src\catch2\reporters\catch_reporters_all.hpp">
      <Filter>Header Files</Filter>
    </ClInclude>
    <ClInclude Include="src\lib\catch2\src\catch2\reporters\catch_reporter_automake.hpp">
      <Filter>Header Files</Filter>
    </ClInclude>
    <ClInclude Include="src\lib\catch2\src\catch2\reporters\catch_reporter_common_base.hpp">
      <Filter>Header Files</Filter>
    </ClInclude>
    <ClInclude Include="src\lib\catch2\src\catch2\reporters\catch_reporter_compact.hpp">
      <Filter>Header Files</Filter>
    </ClInclude>
    <ClInclude Include="src\lib\catch2\src\catch2\reporters\catch_reporter_console.hpp">
      <Filter>Header Files</Filter>
    </ClInclude>
    <ClInclude Include="src\lib\catch2\src\catch2\reporters\catch_reporter_cumulative_base.hpp">
      <Filter>Header Files</Filter>
    </ClInclude>
    <ClInclude Include="src\lib\catch2\src\catch2\reporters\catch_reporter_event_listener.hpp">
      <Filter>Header Files</Filter>
    </ClInclude>
    <ClInclude Include="src\lib\catch2\src\catch2\reporters\catch_reporter_helpers.hpp">
      <Filter>Header Files</Filter>
    </ClInclude>
    <ClInclude Include="src\lib\catch2\src\catch2\reporters\catch_reporter_junit.hpp">
      <Filter>Header Files</Filter>
    </ClInclude>
    <ClInclude Include="src\lib\catch2\src\catch2\reporters\catch_reporter_multi.hpp">
      <Filter>Header Files</Filter>
    </ClInclude>
    <ClInclude Include="src\lib\catch2\src\catch2\reporters\catch_reporter_registrars.hpp">
      <Filter>Header Files</Filter>
    </ClInclude>
    <ClInclude Include="src\lib\catch2\src\catch2\reporters\catch_reporter_sonarqube.hpp">
      <Filter>Header Files</Filter>
    </ClInclude>
    <ClInclude Include="src\lib\catch2\src\catch2\reporters\catch_reporter_streaming_base.hpp">
      <Filter>Header Files</Filter>
    </ClInclude>
    <ClInclude Include="src\lib\catch2\src\catch2\reporters\catch_reporter_tap.hpp">
      <Filter>Header Files</Filter>
    </ClInclude>
    <ClInclude Include="src\lib\catch2\src\catch2\reporters\catch_reporter_teamcity.hpp">
      <Filter>Header Files</Filter>
    </ClInclude>
    <ClInclude Include="src\lib\catch2\src\catch2\reporters\catch_reporter_xml.hpp">
      <Filter>Header Files</Filter>
    </ClInclude>
    <ClInclude Include="src\lib\catch2\tests\selftest\helpers\parse_test_spec.hpp">
      <Filter>Header Files</Filter>
    </ClInclude>
    <ClInclude Include="src\lib\catch2\tests\selftest\helpers\range_test_helpers.hpp">
      <Filter>Header Files</Filter>
    </ClInclude>
    <ClInclude Include="src\lib\catch2\tests\selftest\helpers\type_with_lit_0_comparisons.hpp">
      <Filter>Header Files</Filter>
    </ClInclude>
    <ClInclude Include="src\lib\catch2\third_party\clara.hpp">
      <Filter>Header Files</Filter>
    </ClInclude>
  </ItemGroup>
  <ItemGroup>
    <None Include="build\cmakefiles\3.26.0-rc1\CMakeDetermineCompilerABI_C.bin">
      <Filter>Resource Files</Filter>
    </None>
    <None Include="build\cmakefiles\3.26.0-rc1\CMakeDetermineCompilerABI_CXX.bin">
      <Filter>Resource Files</Filter>
    </None>
  </ItemGroup>
</Project>